
Microsoft Visual Studio Solution File, Format Version 12.00
# Visual Studio Version 17
VisualStudioVersion = 17.8.34330.188
MinimumVisualStudioVersion = 10.0.40219.1
Project("{FAE04EC0-301F-11D3-BF4B-00C04F79EFBC}") = "ConsoleExample.Game01", "ConsoleExample.Game01\ConsoleExample.Game01.csproj", "{34338996-EBC1-4170-8B59-212AB46F5510}"
EndProject
Project("{FAE04EC0-301F-11D3-BF4B-00C04F79EFBC}") = "ConsoleExample.HelloWorld", "ConsoleExample.HelloWorld\ConsoleExample.HelloWorld.csproj", "{3813FCF5-E039-42C8-9610-0F767F55B87D}"
EndProject
Global
	GlobalSection(SolutionConfigurationPlatforms) = preSolution
		Debug|Any CPU = Debug|Any CPU
		Release|Any CPU = Release|Any CPU
	EndGlobalSection
	GlobalSection(ProjectConfigurationPlatforms) = postSolution
		{34338996-EBC1-4170-8B59-212AB46F5510}.Debug|Any CPU.ActiveCfg = Debug|Any CPU
		{34338996-EBC1-4170-8B59-212AB46F5510}.Debug|Any CPU.Build.0 = Debug|Any CPU
		{34338996-EBC1-4170-8B59-212AB46F5510}.Release|Any CPU.ActiveCfg = Release|Any CPU
		{34338996-EBC1-4170-8B59-212AB46F5510}.Release|Any CPU.Build.0 = Release|Any CPU
		{3813FCF5-E039-42C8-9610-0F767F55B87D}.Debug|Any CPU.ActiveCfg = Debug|Any CPU
		{3813FCF5-E039-42C8-9610-0F767F55B87D}.Debug|Any CPU.Build.0 = Debug|Any CPU
		{3813FCF5-E039-42C8-9610-0F767F55B87D}.Release|Any CPU.ActiveCfg = Release|Any CPU
		{3813FCF5-E039-42C8-9610-0F767F55B87D}.Release|Any CPU.Build.0 = Release|Any CPU
	EndGlobalSection
	GlobalSection(SolutionProperties) = preSolution
		HideSolutionNode = FALSE
	EndGlobalSection
	GlobalSection(ExtensibilityGlobals) = postSolution
		SolutionGuid = {8C3AB1C8-0086-4AF7-A2D1-8F6A552A2192}
	EndGlobalSection
EndGlobal
